
Microsoft Visual Studio Solution File, Format Version 10.00
# Visual Studio 2008
Project("{F184B08F-C81C-45F6-A57F-5ABD9991F28F}") = "ETNotes", "ETNotes\ETNotes.vbproj", "{756B3C59-2A3C-4069-A7CE-7A42FC2A6ACA}"
EndProject
Global
	GlobalSection(SolutionConfigurationPlatforms) = preSolution
		Debug|Any CPU = Debug|Any CPU
		Release|Any CPU = Release|Any CPU
	EndGlobalSection
	GlobalSection(ProjectConfigurationPlatforms) = postSolution
		{756B3C59-2A3C-4069-A7CE-7A42FC2A6ACA}.Debug|Any CPU.ActiveCfg = Debug|Any CPU
		{756B3C59-2A3C-4069-A7CE-7A42FC2A6ACA}.Debug|Any CPU.Build.0 = Debug|Any CPU
		{756B3C59-2A3C-4069-A7CE-7A42FC2A6ACA}.Release|Any CPU.ActiveCfg = Release|Any CPU
		{756B3C59-2A3C-4069-A7CE-7A42FC2A6ACA}.Release|Any CPU.Build.0 = Release|Any CPU
	EndGlobalSection
	GlobalSection(SolutionProperties) = preSolution
		HideSolutionNode = FALSE
	EndGlobalSection
EndGlobal
